
Microsoft Visual Studio Solution File, Format Version 12.00
# Visual Studio Version 17
VisualStudioVersion = 17.11.35312.102
MinimumVisualStudioVersion = 10.0.40219.1
Project("{FAE04EC0-301F-11D3-BF4B-00C04F79EFBC}") = "PR-22.101_Rusheshnikova_authorization1", "PR-22.101_Rusheshnikova_authorization1\PR-22.101_Rusheshnikova_authorization1.csproj", "{6790BBC5-08A0-4C97-9C93-F085EC0C2985}"
EndProject
Global
	GlobalSection(SolutionConfigurationPlatforms) = preSolution
		Debug|Any CPU = Debug|Any CPU
		Release|Any CPU = Release|Any CPU
	EndGlobalSection
	GlobalSection(ProjectConfigurationPlatforms) = postSolution
		{6790BBC5-08A0-4C97-9C93-F085EC0C2985}.Debug|Any CPU.ActiveCfg = Debug|Any CPU
		{6790BBC5-08A0-4C97-9C93-F085EC0C2985}.Debug|Any CPU.Build.0 = Debug|Any CPU
		{6790BBC5-08A0-4C97-9C93-F085EC0C2985}.Release|Any CPU.ActiveCfg = Release|Any CPU
		{6790BBC5-08A0-4C97-9C93-F085EC0C2985}.Release|Any CPU.Build.0 = Release|Any CPU
	EndGlobalSection
	GlobalSection(SolutionProperties) = preSolution
		HideSolutionNode = FALSE
	EndGlobalSection
	GlobalSection(ExtensibilityGlobals) = postSolution
		SolutionGuid = {2363B474-9109-4230-AFC2-80F52FA881CD}
	EndGlobalSection
EndGlobal
